
Microsoft Visual Studio Solution File, Format Version 12.00
# Visual Studio Version 16
VisualStudioVersion = 16.0.31005.135
MinimumVisualStudioVersion = 10.0.40219.1
Project("{FAE04EC0-301F-11D3-BF4B-00C04F79EFBC}") = "TUGAS5_D_672018025", "TUGAS5_D_672018025.csproj", "{DA1CEBAF-0F70-42BF-815C-566BFF968E73}"
EndProject
Global
	GlobalSection(SolutionConfigurationPlatforms) = preSolution
		Debug|Any CPU = Debug|Any CPU
		Release|Any CPU = Release|Any CPU
	EndGlobalSection
	GlobalSection(ProjectConfigurationPlatforms) = postSolution
		{DA1CEBAF-0F70-42BF-815C-566BFF968E73}.Debug|Any CPU.ActiveCfg = Debug|Any CPU
		{DA1CEBAF-0F70-42BF-815C-566BFF968E73}.Debug|Any CPU.Build.0 = Debug|Any CPU
		{DA1CEBAF-0F70-42BF-815C-566BFF968E73}.Debug|Any CPU.Deploy.0 = Debug|Any CPU
		{DA1CEBAF-0F70-42BF-815C-566BFF968E73}.Release|Any CPU.ActiveCfg = Release|Any CPU
		{DA1CEBAF-0F70-42BF-815C-566BFF968E73}.Release|Any CPU.Build.0 = Release|Any CPU
		{DA1CEBAF-0F70-42BF-815C-566BFF968E73}.Release|Any CPU.Deploy.0 = Release|Any CPU
	EndGlobalSection
	GlobalSection(SolutionProperties) = preSolution
		HideSolutionNode = FALSE
	EndGlobalSection
	GlobalSection(ExtensibilityGlobals) = postSolution
		SolutionGuid = {7009FA23-FD7E-4785-8860-B1B2814FDBEF}
	EndGlobalSection
EndGlobal
